
Microsoft Visual Studio Solution File, Format Version 12.00
# Visual Studio Version 16
VisualStudioVersion = 16.0.30413.136
MinimumVisualStudioVersion = 10.0.40219.1
Project("{FAE04EC0-301F-11D3-BF4B-00C04F79EFBC}") = "MailOrderPharmacy_RefillService", "MailOrderPharmacy_RefillService.csproj", "{9009F1E6-D1B1-4EC3-B3B2-438130669F4B}"
EndProject
Global
	GlobalSection(SolutionConfigurationPlatforms) = preSolution
		Debug|Any CPU = Debug|Any CPU
		Release|Any CPU = Release|Any CPU
	EndGlobalSection
	GlobalSection(ProjectConfigurationPlatforms) = postSolution
		{9009F1E6-D1B1-4EC3-B3B2-438130669F4B}.Debug|Any CPU.ActiveCfg = Debug|Any CPU
		{9009F1E6-D1B1-4EC3-B3B2-438130669F4B}.Debug|Any CPU.Build.0 = Debug|Any CPU
		{9009F1E6-D1B1-4EC3-B3B2-438130669F4B}.Release|Any CPU.ActiveCfg = Release|Any CPU
		{9009F1E6-D1B1-4EC3-B3B2-438130669F4B}.Release|Any CPU.Build.0 = Release|Any CPU
	EndGlobalSection
	GlobalSection(SolutionProperties) = preSolution
		HideSolutionNode = FALSE
	EndGlobalSection
	GlobalSection(ExtensibilityGlobals) = postSolution
		SolutionGuid = {47C662B2-90D5-416D-AF02-771CF6608E21}
	EndGlobalSection
EndGlobal
